// !$*UTF8*$!
{
	archiveVersion = 1;
	classes = {
	};
	objectVersion = 55;
	objects = {

/* Begin PBXBuildFile section */
		45266F0E28B859C100C9A4F8 /* AppDelegate.swift in Sources */ = {isa = PBXBuildFile; fileRef = 45266F0D28B859C100C9A4F8 /* AppDelegate.swift */; };
		45266F1028B859C100C9A4F8 /* SceneDelegate.swift in Sources */ = {isa = PBXBuildFile; fileRef = 45266F0F28B859C100C9A4F8 /* SceneDelegate.swift */; };
		45266F1228B859C100C9A4F8 /* ViewController.swift in Sources */ = {isa = PBXBuildFile; fileRef = 45266F1128B859C100C9A4F8 /* ViewController.swift */; };
		45266F1528B859C100C9A4F8 /* Main.storyboard in Resources */ = {isa = PBXBuildFile; fileRef = 45266F1328B859C100C9A4F8 /* Main.storyboard */; };
		45266F1728B859C200C9A4F8 /* Assets.xcassets in Resources */ = {isa = PBXBuildFile; fileRef = 45266F1628B859C200C9A4F8 /* Assets.xcassets */; };
		45266F1A28B859C200C9A4F8 /* LaunchScreen.storyboard in Resources */ = {isa = PBXBuildFile; fileRef = 45266F1828B859C200C9A4F8 /* LaunchScreen.storyboard */; };
		45266F2528B859C200C9A4F8 /* WeatherApp_2_0Tests.swift in Sources */ = {isa = PBXBuildFile; fileRef = 45266F2428B859C200C9A4F8 /* WeatherApp_2_0Tests.swift */; };
		45266F2F28B859C300C9A4F8 /* WeatherApp_2_0UITests.swift in Sources */ = {isa = PBXBuildFile; fileRef = 45266F2E28B859C300C9A4F8 /* WeatherApp_2_0UITests.swift */; };
		45266F3128B859C300C9A4F8 /* WeatherApp_2_0UITestsLaunchTests.swift in Sources */ = {isa = PBXBuildFile; fileRef = 45266F3028B859C300C9A4F8 /* WeatherApp_2_0UITestsLaunchTests.swift */; };
		45266F3F28B85A6600C9A4F8 /* NetworkManagerProtocol.swift in Sources */ = {isa = PBXBuildFile; fileRef = 45266F3E28B85A6600C9A4F8 /* NetworkManagerProtocol.swift */; };
		45266F4328B85B0B00C9A4F8 /* WeatherNetworkManager.swift in Sources */ = {isa = PBXBuildFile; fileRef = 45266F4228B85B0B00C9A4F8 /* WeatherNetworkManager.swift */; };
/* End PBXBuildFile section */

/* Begin PBXContainerItemProxy section */
		45266F2128B859C200C9A4F8 /* PBXContainerItemProxy */ = {
			isa = PBXContainerItemProxy;
			containerPortal = 45266F0228B859C100C9A4F8 /* Project object */;
			proxyType = 1;
			remoteGlobalIDString = 45266F0928B859C100C9A4F8;
			remoteInfo = "WeatherApp 2.0";
		};
		45266F2B28B859C200C9A4F8 /* PBXContainerItemProxy */ = {
			isa = PBXContainerItemProxy;
			containerPortal = 45266F0228B859C100C9A4F8 /* Project object */;
			proxyType = 1;
			remoteGlobalIDString = 45266F0928B859C100C9A4F8;
			remoteInfo = "WeatherApp 2.0";
		};
/* End PBXContainerItemProxy section */

/* Begin PBXFileReference section */
		45266F0A28B859C100C9A4F8 /* WeatherApp 2.0.app */ = {isa = PBXFileReference; explicitFileType = wrapper.application; includeInIndex = 0; path = "WeatherApp 2.0.app"; sourceTree = BUILT_PRODUCTS_DIR; };
		45266F0D28B859C100C9A4F8 /* AppDelegate.swift */ = {isa = PBXFileReference; lastKnownFileType = sourcecode.swift; path = AppDelegate.swift; sourceTree = "<group>"; };
		45266F0F28B859C100C9A4F8 /* SceneDelegate.swift */ = {isa = PBXFileReference; lastKnownFileType = sourcecode.swift; path = SceneDelegate.swift; sourceTree = "<group>"; };
		45266F1128B859C100C9A4F8 /* ViewController.swift */ = {isa = PBXFileReference; lastKnownFileType = sourcecode.swift; path = ViewController.swift; sourceTree = "<group>"; };
		45266F1428B859C100C9A4F8 /* Base */ = {isa = PBXFileReference; lastKnownFileType = file.storyboard; name = Base; path = Base.lproj/Main.storyboard; sourceTree = "<group>"; };
		45266F1628B859C200C9A4F8 /* Assets.xcassets */ = {isa = PBXFileReference; lastKnownFileType = folder.assetcatalog; path = Assets.xcassets; sourceTree = "<group>"; };
		45266F1928B859C200C9A4F8 /* Base */ = {isa = PBXFileReference; lastKnownFileType = file.storyboard; name = Base; path = Base.lproj/LaunchScreen.storyboard; sourceTree = "<group>"; };
		45266F1B28B859C200C9A4F8 /* Info.plist */ = {isa = PBXFileReference; lastKnownFileType = text.plist.xml; path = Info.plist; sourceTree = "<group>"; };
		45266F2028B859C200C9A4F8 /* WeatherApp 2.0Tests.xctest */ = {isa = PBXFileReference; explicitFileType = wrapper.cfbundle; includeInIndex = 0; path = "WeatherApp 2.0Tests.xctest"; sourceTree = BUILT_PRODUCTS_DIR; };
		45266F2428B859C200C9A4F8 /* WeatherApp_2_0Tests.swift */ = {isa = PBXFileReference; lastKnownFileType = sourcecode.swift; path = WeatherApp_2_0Tests.swift; sourceTree = "<group>"; };
		45266F2A28B859C200C9A4F8 /* WeatherApp 2.0UITests.xctest */ = {isa = PBXFileReference; explicitFileType = wrapper.cfbundle; includeInIndex = 0; path = "WeatherApp 2.0UITests.xctest"; sourceTree = BUILT_PRODUCTS_DIR; };
		45266F2E28B859C300C9A4F8 /* WeatherApp_2_0UITests.swift */ = {isa = PBXFileReference; lastKnownFileType = sourcecode.swift; path = WeatherApp_2_0UITests.swift; sourceTree = "<group>"; };
		45266F3028B859C300C9A4F8 /* WeatherApp_2_0UITestsLaunchTests.swift */ = {isa = PBXFileReference; lastKnownFileType = sourcecode.swift; path = WeatherApp_2_0UITestsLaunchTests.swift; sourceTree = "<group>"; };
		45266F3E28B85A6600C9A4F8 /* NetworkManagerProtocol.swift */ = {isa = PBXFileReference; lastKnownFileType = sourcecode.swift; path = NetworkManagerProtocol.swift; sourceTree = "<group>"; };
		45266F4228B85B0B00C9A4F8 /* WeatherNetworkManager.swift */ = {isa = PBXFileReference; lastKnownFileType = sourcecode.swift; path = WeatherNetworkManager.swift; sourceTree = "<group>"; };
/* End PBXFileReference section */

/* Begin PBXFrameworksBuildPhase section */
		45266F0728B859C100C9A4F8 /* Frameworks */ = {
			isa = PBXFrameworksBuildPhase;
			buildActionMask = 2147483647;
			files = (
			);
			runOnlyForDeploymentPostprocessing = 0;
		};
		45266F1D28B859C200C9A4F8 /* Frameworks */ = {
			isa = PBXFrameworksBuildPhase;
			buildActionMask = 2147483647;
			files = (
			);
			runOnlyForDeploymentPostprocessing = 0;
		};
		45266F2728B859C200C9A4F8 /* Frameworks */ = {
			isa = PBXFrameworksBuildPhase;
			buildActionMask = 2147483647;
			files = (
			);
			runOnlyForDeploymentPostprocessing = 0;
		};
/* End PBXFrameworksBuildPhase section */

/* Begin PBXGroup section */
		45266F0128B859C100C9A4F8 = {
			isa = PBXGroup;
			children = (
				45266F0C28B859C100C9A4F8 /* WeatherApp 2.0 */,
				45266F2328B859C200C9A4F8 /* WeatherApp 2.0Tests */,
				45266F2D28B859C200C9A4F8 /* WeatherApp 2.0UITests */,
				45266F0B28B859C100C9A4F8 /* Products */,
			);
			sourceTree = "<group>";
		};
		45266F0B28B859C100C9A4F8 /* Products */ = {
			isa = PBXGroup;
			children = (
				45266F0A28B859C100C9A4F8 /* WeatherApp 2.0.app */,
				45266F2028B859C200C9A4F8 /* WeatherApp 2.0Tests.xctest */,
				45266F2A28B859C200C9A4F8 /* WeatherApp 2.0UITests.xctest */,
			);
			name = Products;
			sourceTree = "<group>";
		};
		45266F0C28B859C100C9A4F8 /* WeatherApp 2.0 */ = {
			isa = PBXGroup;
			children = (
				45266F3D28B859D500C9A4F8 /* Network Manager */,
				45266F0D28B859C100C9A4F8 /* AppDelegate.swift */,
				45266F0F28B859C100C9A4F8 /* SceneDelegate.swift */,
				45266F1128B859C100C9A4F8 /* ViewController.swift */,
				45266F1328B859C100C9A4F8 /* Main.storyboard */,
				45266F1628B859C200C9A4F8 /* Assets.xcassets */,
				45266F1828B859C200C9A4F8 /* LaunchScreen.storyboard */,
				45266F1B28B859C200C9A4F8 /* Info.plist */,
			);
			path = "WeatherApp 2.0";
			sourceTree = "<group>";
		};
		45266F2328B859C200C9A4F8 /* WeatherApp 2.0Tests */ = {
			isa = PBXGroup;
			children = (
				45266F2428B859C200C9A4F8 /* WeatherApp_2_0Tests.swift */,
			);
			path = "WeatherApp 2.0Tests";
			sourceTree = "<group>";
		};
		45266F2D28B859C200C9A4F8 /* WeatherApp 2.0UITests */ = {
			isa = PBXGroup;
			children = (
				45266F2E28B859C300C9A4F8 /* WeatherApp_2_0UITests.swift */,
				45266F3028B859C300C9A4F8 /* WeatherApp_2_0UITestsLaunchTests.swift */,
			);
			path = "WeatherApp 2.0UITests";
			sourceTree = "<group>";
		};
		45266F3D28B859D500C9A4F8 /* Network Manager */ = {
			isa = PBXGroup;
			children = (
				45266F3E28B85A6600C9A4F8 /* NetworkManagerProtocol.swift */,
				45266F4228B85B0B00C9A4F8 /* WeatherNetworkManager.swift */,
			);
			path = "Network Manager";
			sourceTree = "<group>";
		};
/* End PBXGroup section */

/* Begin PBXNativeTarget section */
		45266F0928B859C100C9A4F8 /* WeatherApp 2.0 */ = {
			isa = PBXNativeTarget;
			buildConfigurationList = 45266F3428B859C300C9A4F8 /* Build configuration list for PBXNativeTarget "WeatherApp 2.0" */;
			buildPhases = (
				45266F0628B859C100C9A4F8 /* Sources */,
				45266F0728B859C100C9A4F8 /* Frameworks */,
				45266F0828B859C100C9A4F8 /* Resources */,
			);
			buildRules = (
			);
			dependencies = (
			);
			name = "WeatherApp 2.0";
			productName = "WeatherApp 2.0";
			productReference = 45266F0A28B859C100C9A4F8 /* WeatherApp 2.0.app */;
			productType = "com.apple.product-type.application";
		};
		45266F1F28B859C200C9A4F8 /* WeatherApp 2.0Tests */ = {
			isa = PBXNativeTarget;
			buildConfigurationList = 45266F3728B859C300C9A4F8 /* Build configuration list for PBXNativeTarget "WeatherApp 2.0Tests" */;
			buildPhases = (
				45266F1C28B859C200C9A4F8 /* Sources */,
				45266F1D28B859C200C9A4F8 /* Frameworks */,
				45266F1E28B859C200C9A4F8 /* Resources */,
			);
			buildRules = (
			);
			dependencies = (
				45266F2228B859C200C9A4F8 /* PBXTargetDependency */,
			);
			name = "WeatherApp 2.0Tests";
			productName = "WeatherApp 2.0Tests";
			productReference = 45266F2028B859C200C9A4F8 /* WeatherApp 2.0Tests.xctest */;
			productType = "com.apple.product-type.bundle.unit-test";
		};
		45266F2928B859C200C9A4F8 /* WeatherApp 2.0UITests */ = {
			isa = PBXNativeTarget;
			buildConfigurationList = 45266F3A28B859C300C9A4F8 /* Build configuration list for PBXNativeTarget "WeatherApp 2.0UITests" */;
			buildPhases = (
				45266F2628B859C200C9A4F8 /* Sources */,
				45266F2728B859C200C9A4F8 /* Frameworks */,
				45266F2828B859C200C9A4F8 /* Resources */,
			);
			buildRules = (
			);
			dependencies = (
				45266F2C28B859C200C9A4F8 /* PBXTargetDependency */,
			);
			name = "WeatherApp 2.0UITests";
			productName = "WeatherApp 2.0UITests";
			productReference = 45266F2A28B859C200C9A4F8 /* WeatherApp 2.0UITests.xctest */;
			productType = "com.apple.product-type.bundle.ui-testing";
		};
/* End PBXNativeTarget section */

/* Begin PBXProject section */
		45266F0228B859C100C9A4F8 /* Project object */ = {
			isa = PBXProject;
			attributes = {
				BuildIndependentTargetsInParallel = 1;
				LastSwiftUpdateCheck = 1340;
				LastUpgradeCheck = 1340;
				TargetAttributes = {
					45266F0928B859C100C9A4F8 = {
						CreatedOnToolsVersion = 13.4.1;
					};
					45266F1F28B859C200C9A4F8 = {
						CreatedOnToolsVersion = 13.4.1;
						TestTargetID = 45266F0928B859C100C9A4F8;
					};
					45266F2928B859C200C9A4F8 = {
						CreatedOnToolsVersion = 13.4.1;
						TestTargetID = 45266F0928B859C100C9A4F8;
					};
				};
			};
			buildConfigurationList = 45266F0528B859C100C9A4F8 /* Build configuration list for PBXProject "WeatherApp 2.0" */;
			compatibilityVersion = "Xcode 13.0";
			developmentRegion = en;
			hasScannedForEncodings = 0;
			knownRegions = (
				en,
				Base,
			);
			mainGroup = 45266F0128B859C100C9A4F8;
			productRefGroup = 45266F0B28B859C100C9A4F8 /* Products */;
			projectDirPath = "";
			projectRoot = "";
			targets = (
				45266F0928B859C100C9A4F8 /* WeatherApp 2.0 */,
				45266F1F28B859C200C9A4F8 /* WeatherApp 2.0Tests */,
				45266F2928B859C200C9A4F8 /* WeatherApp 2.0UITests */,
			);
		};
/* End PBXProject section */

/* Begin PBXResourcesBuildPhase section */
		45266F0828B859C100C9A4F8 /* Resources */ = {
			isa = PBXResourcesBuildPhase;
			buildActionMask = 2147483647;
			files = (
				45266F1A28B859C200C9A4F8 /* LaunchScreen.storyboard in Resources */,
				45266F1728B859C200C9A4F8 /* Assets.xcassets in Resources */,
				45266F1528B859C100C9A4F8 /* Main.storyboard in Resources */,
			);
			runOnlyForDeploymentPostprocessing = 0;
		};
		45266F1E28B859C200C9A4F8 /* Resources */ = {
			isa = PBXResourcesBuildPhase;
			buildActionMask = 2147483647;
			files = (
			);
			runOnlyForDeploymentPostprocessing = 0;
		};
		45266F2828B859C200C9A4F8 /* Resources */ = {
			isa = PBXResourcesBuildPhase;
			buildActionMask = 2147483647;
			files = (
			);
			runOnlyForDeploymentPostprocessing = 0;
		};
/* End PBXResourcesBuildPhase section */

/* Begin PBXSourcesBuildPhase section */
		45266F0628B859C100C9A4F8 /* Sources */ = {
			isa = PBXSourcesBuildPhase;
			buildActionMask = 2147483647;
			files = (
				45266F1228B859C100C9A4F8 /* ViewController.swift in Sources */,
				45266F0E28B859C100C9A4F8 /* AppDelegate.swift in Sources */,
				45266F3F28B85A6600C9A4F8 /* NetworkManagerProtocol.swift in Sources */,
				45266F1028B859C100C9A4F8 /* SceneDelegate.swift in Sources */,
				45266F4328B85B0B00C9A4F8 /* WeatherNetworkManager.swift in Sources */,
			);
			runOnlyForDeploymentPostprocessing = 0;
		};
		45266F1C28B859C200C9A4F8 /* Sources */ = {
			isa = PBXSourcesBuildPhase;
			buildActionMask = 2147483647;
			files = (
				45266F2528B859C200C9A4F8 /* WeatherApp_2_0Tests.swift in Sources */,
			);
			runOnlyForDeploymentPostprocessing = 0;
		};
		45266F2628B859C200C9A4F8 /* Sources */ = {
			isa = PBXSourcesBuildPhase;
			buildActionMask = 2147483647;
			files = (
				45266F2F28B859C300C9A4F8 /* WeatherApp_2_0UITests.swift in Sources */,
				45266F3128B859C300C9A4F8 /* WeatherApp_2_0UITestsLaunchTests.swift in Sources */,
			);
			runOnlyForDeploymentPostprocessing = 0;
		};
/* End PBXSourcesBuildPhase section */

/* Begin PBXTargetDependency section */
		45266F2228B859C200C9A4F8 /* PBXTargetDependency */ = {
			isa = PBXTargetDependency;
			target = 45266F0928B859C100C9A4F8 /* WeatherApp 2.0 */;
			targetProxy = 45266F2128B859C200C9A4F8 /* PBXContainerItemProxy */;
		};
		45266F2C28B859C200C9A4F8 /* PBXTargetDependency */ = {
			isa = PBXTargetDependency;
			target = 45266F0928B859C100C9A4F8 /* WeatherApp 2.0 */;
			targetProxy = 45266F2B28B859C200C9A4F8 /* PBXContainerItemProxy */;
		};
/* End PBXTargetDependency section */

/* Begin PBXVariantGroup section */
		45266F1328B859C100C9A4F8 /* Main.storyboard */ = {
			isa = PBXVariantGroup;
			children = (
				45266F1428B859C100C9A4F8 /* Base */,
			);
			name = Main.storyboard;
			sourceTree = "<group>";
		};
		45266F1828B859C200C9A4F8 /* LaunchScreen.storyboard */ = {
			isa = PBXVariantGroup;
			children = (
				45266F1928B859C200C9A4F8 /* Base */,
			);
			name = LaunchScreen.storyboard;
			sourceTree = "<group>";
		};
/* End PBXVariantGroup section */

/* Begin XCBuildConfiguration section */
		45266F3228B859C300C9A4F8 /* Debug */ = {
			isa = XCBuildConfiguration;
			buildSettings = {
				ALWAYS_SEARCH_USER_PATHS = NO;
				CLANG_ANALYZER_NONNULL = YES;
				CLANG_ANALYZER_NUMBER_OBJECT_CONVERSION = YES_AGGRESSIVE;
				CLANG_CXX_LANGUAGE_STANDARD = "gnu++17";
				CLANG_ENABLE_MODULES = YES;
				CLANG_ENABLE_OBJC_ARC = YES;
				CLANG_ENABLE_OBJC_WEAK = YES;
				CLANG_WARN_BLOCK_CAPTURE_AUTORELEASING = YES;
				CLANG_WARN_BOOL_CONVERSION = YES;
				CLANG_WARN_COMMA = YES;
				CLANG_WARN_CONSTANT_CONVERSION = YES;
				CLANG_WARN_DEPRECATED_OBJC_IMPLEMENTATIONS = YES;
				CLANG_WARN_DIRECT_OBJC_ISA_USAGE = YES_ERROR;
				CLANG_WARN_DOCUMENTATION_COMMENTS = YES;
				CLANG_WARN_EMPTY_BODY = YES;
				CLANG_WARN_ENUM_CONVERSION = YES;
				CLANG_WARN_INFINITE_RECURSION = YES;
				CLANG_WARN_INT_CONVERSION = YES;
				CLANG_WARN_NON_LITERAL_NULL_CONVERSION = YES;
				CLANG_WARN_OBJC_IMPLICIT_RETAIN_SELF = YES;
				CLANG_WARN_OBJC_LITERAL_CONVERSION = YES;
				CLANG_WARN_OBJC_ROOT_CLASS = YES_ERROR;
				CLANG_WARN_QUOTED_INCLUDE_IN_FRAMEWORK_HEADER = YES;
				CLANG_WARN_RANGE_LOOP_ANALYSIS = YES;
				CLANG_WARN_STRICT_PROTOTYPES = YES;
				CLANG_WARN_SUSPICIOUS_MOVE = YES;
				CLANG_WARN_UNGUARDED_AVAILABILITY = YES_AGGRESSIVE;
				CLANG_WARN_UNREACHABLE_CODE = YES;
				CLANG_WARN__DUPLICATE_METHOD_MATCH = YES;
				COPY_PHASE_STRIP = NO;
				DEBUG_INFORMATION_FORMAT = dwarf;
				ENABLE_STRICT_OBJC_MSGSEND = YES;
				ENABLE_TESTABILITY = YES;
				GCC_C_LANGUAGE_STANDARD = gnu11;
				GCC_DYNAMIC_NO_PIC = NO;
				GCC_NO_COMMON_BLOCKS = YES;
				GCC_OPTIMIZATION_LEVEL = 0;
				GCC_PREPROCESSOR_DEFINITIONS = (
					"DEBUG=1",
					"$(inherited)",
				);
				GCC_WARN_64_TO_32_BIT_CONVERSION = YES;
				GCC_WARN_ABOUT_RETURN_TYPE = YES_ERROR;
				GCC_WARN_UNDECLARED_SELECTOR = YES;
				GCC_WARN_UNINITIALIZED_AUTOS = YES_AGGRESSIVE;
				GCC_WARN_UNUSED_FUNCTION = YES;
				GCC_WARN_UNUSED_VARIABLE = YES;
				IPHONEOS_DEPLOYMENT_TARGET = 15.5;
				MTL_ENABLE_DEBUG_INFO = INCLUDE_SOURCE;
				MTL_FAST_MATH = YES;
				ONLY_ACTIVE_ARCH = YES;
				SDKROOT = iphoneos;
				SWIFT_ACTIVE_COMPILATION_CONDITIONS = DEBUG;
				SWIFT_OPTIMIZATION_LEVEL = "-Onone";
			};
			name = Debug;
		};
		45266F3328B859C300C9A4F8 /* Release */ = {
			isa = XCBuildConfiguration;
			buildSettings = {
				ALWAYS_SEARCH_USER_PATHS = NO;
				CLANG_ANALYZER_NONNULL = YES;
				CLANG_ANALYZER_NUMBER_OBJECT_CONVERSION = YES_AGGRESSIVE;
				CLANG_CXX_LANGUAGE_STANDARD = "gnu++17";
				CLANG_ENABLE_MODULES = YES;
				CLANG_ENABLE_OBJC_ARC = YES;
				CLANG_ENABLE_OBJC_WEAK = YES;
				CLANG_WARN_BLOCK_CAPTURE_AUTORELEASING = YES;
				CLANG_WARN_BOOL_CONVERSION = YES;
				CLANG_WARN_COMMA = YES;
				CLANG_WARN_CONSTANT_CONVERSION = YES;
				CLANG_WARN_DEPRECATED_OBJC_IMPLEMENTATIONS = YES;
				CLANG_WARN_DIRECT_OBJC_ISA_USAGE = YES_ERROR;
				CLANG_WARN_DOCUMENTATION_COMMENTS = YES;
				CLANG_WARN_EMPTY_BODY = YES;
				CLANG_WARN_ENUM_CONVERSION = YES;
				CLANG_WARN_INFINITE_RECURSION = YES;
				CLANG_WARN_INT_CONVERSION = YES;
				CLANG_WARN_NON_LITERAL_NULL_CONVERSION = YES;
				CLANG_WARN_OBJC_IMPLICIT_RETAIN_SELF = YES;
				CLANG_WARN_OBJC_LITERAL_CONVERSION = YES;
				CLANG_WARN_OBJC_ROOT_CLASS = YES_ERROR;
				CLANG_WARN_QUOTED_INCLUDE_IN_FRAMEWORK_HEADER = YES;
				CLANG_WARN_RANGE_LOOP_ANALYSIS = YES;
				CLANG_WARN_STRICT_PROTOTYPES = YES;
				CLANG_WARN_SUSPICIOUS_MOVE = YES;
				CLANG_WARN_UNGUARDED_AVAILABILITY = YES_AGGRESSIVE;
				CLANG_WARN_UNREACHABLE_CODE = YES;
				CLANG_WARN__DUPLICATE_METHOD_MATCH = YES;
				COPY_PHASE_STRIP = NO;
				DEBUG_INFORMATION_FORMAT = "dwarf-with-dsym";
				ENABLE_NS_ASSERTIONS = NO;
				ENABLE_STRICT_OBJC_MSGSEND = YES;
				GCC_C_LANGUAGE_STANDARD = gnu11;
				GCC_NO_COMMON_BLOCKS = YES;
				GCC_WARN_64_TO_32_BIT_CONVERSION = YES;
				GCC_WARN_ABOUT_RETURN_TYPE = YES_ERROR;
				GCC_WARN_UNDECLARED_SELECTOR = YES;
				GCC_WARN_UNINITIALIZED_AUTOS = YES_AGGRESSIVE;
				GCC_WARN_UNUSED_FUNCTION = YES;
				GCC_WARN_UNUSED_VARIABLE = YES;
				IPHONEOS_DEPLOYMENT_TARGET = 15.5;
				MTL_ENABLE_DEBUG_INFO = NO;
				MTL_FAST_MATH = YES;
				SDKROOT = iphoneos;
				SWIFT_COMPILATION_MODE = wholemodule;
				SWIFT_OPTIMIZATION_LEVEL = "-O";
				VALIDATE_PRODUCT = YES;
			};
			name = Release;
		};
		45266F3528B859C300C9A4F8 /* Debug */ = {
			isa = XCBuildConfiguration;
			buildSettings = {
				ASSETCATALOG_COMPILER_APPICON_NAME = AppIcon;
				ASSETCATALOG_COMPILER_GLOBAL_ACCENT_COLOR_NAME = AccentColor;
				CODE_SIGN_STYLE = Automatic;
				CURRENT_PROJECT_VERSION = 1;
				GENERATE_INFOPLIST_FILE = YES;
				INFOPLIST_FILE = "WeatherApp 2.0/Info.plist";
				INFOPLIST_KEY_UIApplicationSupportsIndirectInputEvents = YES;
				INFOPLIST_KEY_UILaunchStoryboardName = LaunchScreen;
				INFOPLIST_KEY_UIMainStoryboardFile = Main;
				INFOPLIST_KEY_UISupportedInterfaceOrientations_iPad = "UIInterfaceOrientationPortrait UIInterfaceOrientationPortraitUpsideDown UIInterfaceOrientationLandscapeLeft UIInterfaceOrientationLandscapeRight";
				INFOPLIST_KEY_UISupportedInterfaceOrientations_iPhone = "UIInterfaceOrientationPortrait UIInterfaceOrientationLandscapeLeft UIInterfaceOrientationLandscapeRight";
				LD_RUNPATH_SEARCH_PATHS = (
					"$(inherited)",
					"@executable_path/Frameworks",
				);
				MARKETING_VERSION = 1.0;
				PRODUCT_BUNDLE_IDENTIFIER = "linkdev.WeatherApp-2-0";
				PRODUCT_NAME = "$(TARGET_NAME)";
				SWIFT_EMIT_LOC_STRINGS = YES;
				SWIFT_VERSION = 5.0;
				TARGETED_DEVICE_FAMILY = "1,2";
			};
			name = Debug;
		};
		45266F3628B859C300C9A4F8 /* Release */ = {
			isa = XCBuildConfiguration;
			buildSettings = {
				ASSETCATALOG_COMPILER_APPICON_NAME = AppIcon;
				ASSETCATALOG_COMPILER_GLOBAL_ACCENT_COLOR_NAME = AccentColor;
				CODE_SIGN_STYLE = Automatic;
				CURRENT_PROJECT_VERSION = 1;
				GENERATE_INFOPLIST_FILE = YES;
				INFOPLIST_FILE = "WeatherApp 2.0/Info.plist";
				INFOPLIST_KEY_UIApplicationSupportsIndirectInputEvents = YES;
				INFOPLIST_KEY_UILaunchStoryboardName = LaunchScreen;
				INFOPLIST_KEY_UIMainStoryboardFile = Main;
				INFOPLIST_KEY_UISupportedInterfaceOrientations_iPad = "UIInterfaceOrientationPortrait UIInterfaceOrientationPortraitUpsideDown UIInterfaceOrientationLandscapeLeft UIInterfaceOrientationLandscapeRight";
				INFOPLIST_KEY_UISupportedInterfaceOrientations_iPhone = "UIInterfaceOrientationPortrait UIInterfaceOrientationLandscapeLeft UIInterfaceOrientationLandscapeRight";
				LD_RUNPATH_SEARCH_PATHS = (
					"$(inherited)",
					"@executable_path/Frameworks",
				);
				MARKETING_VERSION = 1.0;
				PRODUCT_BUNDLE_IDENTIFIER = "linkdev.WeatherApp-2-0";
				PRODUCT_NAME = "$(TARGET_NAME)";
				SWIFT_EMIT_LOC_STRINGS = YES;
				SWIFT_VERSION = 5.0;
				TARGETED_DEVICE_FAMILY = "1,2";
			};
			name = Release;
		};
		45266F3828B859C300C9A4F8 /* Debug */ = {
			isa = XCBuildConfiguration;
			buildSettings = {
				ALWAYS_EMBED_SWIFT_STANDARD_LIBRARIES = YES;
				BUNDLE_LOADER = "$(TEST_HOST)";
				CODE_SIGN_STYLE = Automatic;
				CURRENT_PROJECT_VERSION = 1;
				GENERATE_INFOPLIST_FILE = YES;
				IPHONEOS_DEPLOYMENT_TARGET = 15.5;
				MARKETING_VERSION = 1.0;
				PRODUCT_BUNDLE_IDENTIFIER = "linkdev.WeatherApp-2-0Tests";
				PRODUCT_NAME = "$(TARGET_NAME)";
				SWIFT_EMIT_LOC_STRINGS = NO;
				SWIFT_VERSION = 5.0;
				TARGETED_DEVICE_FAMILY = "1,2";
				TEST_HOST = "$(BUILT_PRODUCTS_DIR)/WeatherApp 2.0.app/WeatherApp 2.0";
			};
			name = Debug;
		};
		45266F3928B859C300C9A4F8 /* Release */ = {
			isa = XCBuildConfiguration;
			buildSettings = {
				ALWAYS_EMBED_SWIFT_STANDARD_LIBRARIES = YES;
				BUNDLE_LOADER = "$(TEST_HOST)";
				CODE_SIGN_STYLE = Automatic;
				CURRENT_PROJECT_VERSION = 1;
				GENERATE_INFOPLIST_FILE = YES;
				IPHONEOS_DEPLOYMENT_TARGET = 15.5;
				MARKETING_VERSION = 1.0;
				PRODUCT_BUNDLE_IDENTIFIER = "linkdev.WeatherApp-2-0Tests";
				PRODUCT_NAME = "$(TARGET_NAME)";
				SWIFT_EMIT_LOC_STRINGS = NO;
				SWIFT_VERSION = 5.0;
				TARGETED_DEVICE_FAMILY = "1,2";
				TEST_HOST = "$(BUILT_PRODUCTS_DIR)/WeatherApp 2.0.app/WeatherApp 2.0";
			};
			name = Release;
		};
		45266F3B28B859C300C9A4F8 /* Debug */ = {
			isa = XCBuildConfiguration;
			buildSettings = {
				ALWAYS_EMBED_SWIFT_STANDARD_LIBRARIES = YES;
				CODE_SIGN_STYLE = Automatic;
				CURRENT_PROJECT_VERSION = 1;
				GENERATE_INFOPLIST_FILE = YES;
				MARKETING_VERSION = 1.0;
				PRODUCT_BUNDLE_IDENTIFIER = "linkdev.WeatherApp-2-0UITests";
				PRODUCT_NAME = "$(TARGET_NAME)";
				SWIFT_EMIT_LOC_STRINGS = NO;
				SWIFT_VERSION = 5.0;
				TARGETED_DEVICE_FAMILY = "1,2";
				TEST_TARGET_NAME = "WeatherApp 2.0";
			};
			name = Debug;
		};
		45266F3C28B859C300C9A4F8 /* Release */ = {
			isa = XCBuildConfiguration;
			buildSettings = {
				ALWAYS_EMBED_SWIFT_STANDARD_LIBRARIES = YES;
				CODE_SIGN_STYLE = Automatic;
				CURRENT_PROJECT_VERSION = 1;
				GENERATE_INFOPLIST_FILE = YES;
				MARKETING_VERSION = 1.0;
				PRODUCT_BUNDLE_IDENTIFIER = "linkdev.WeatherApp-2-0UITests";
				PRODUCT_NAME = "$(TARGET_NAME)";
				SWIFT_EMIT_LOC_STRINGS = NO;
				SWIFT_VERSION = 5.0;
				TARGETED_DEVICE_FAMILY = "1,2";
				TEST_TARGET_NAME = "WeatherApp 2.0";
			};
			name = Release;
		};
/* End XCBuildConfiguration section */

/* Begin XCConfigurationList section */
		45266F0528B859C100C9A4F8 /* Build configuration list for PBXProject "WeatherApp 2.0" */ = {
			isa = XCConfigurationList;
			buildConfigurations = (
				45266F3228B859C300C9A4F8 /* Debug */,
				45266F3328B859C300C9A4F8 /* Release */,
			);
			defaultConfigurationIsVisible = 0;
			defaultConfigurationName = Release;
		};
		45266F3428B859C300C9A4F8 /* Build configuration list for PBXNativeTarget "WeatherApp 2.0" */ = {
			isa = XCConfigurationList;
			buildConfigurations = (
				45266F3528B859C300C9A4F8 /* Debug */,
				45266F3628B859C300C9A4F8 /* Release */,
			);
			defaultConfigurationIsVisible = 0;
			defaultConfigurationName = Release;
		};
		45266F3728B859C300C9A4F8 /* Build configuration list for PBXNativeTarget "WeatherApp 2.0Tests" */ = {
			isa = XCConfigurationList;
			buildConfigurations = (
				45266F3828B859C300C9A4F8 /* Debug */,
				45266F3928B859C300C9A4F8 /* Release */,
			);
			defaultConfigurationIsVisible = 0;
			defaultConfigurationName = Release;
		};
		45266F3A28B859C300C9A4F8 /* Build configuration list for PBXNativeTarget "WeatherApp 2.0UITests" */ = {
			isa = XCConfigurationList;
			buildConfigurations = (
				45266F3B28B859C300C9A4F8 /* Debug */,
				45266F3C28B859C300C9A4F8 /* Release */,
			);
			defaultConfigurationIsVisible = 0;
			defaultConfigurationName = Release;
		};
/* End XCConfigurationList section */
	};
	rootObject = 45266F0228B859C100C9A4F8 /* Project object */;
}
